
Microsoft Visual Studio Solution File, Format Version 12.00
# Visual Studio Version 17
VisualStudioVersion = 17.1.32328.378
MinimumVisualStudioVersion = 10.0.40219.1
Project("{9A19103F-16F7-4668-BE54-9A1E7A4F7556}") = "PrincipiodeResponsabilidadUnica - S", "PrincipiodeResponsabilidadUnica - S\PrincipiodeResponsabilidadUnica - S.csproj", "{A35D783F-7213-48D6-BAC8-4E43BE65CB3D}"
EndProject
Project("{9A19103F-16F7-4668-BE54-9A1E7A4F7556}") = "PrincipioAbiertoCerrado - O", "PrincipioAbiertoCerrado - O\PrincipioAbiertoCerrado - O.csproj", "{91E44608-4346-49C1-8694-179A08DDC97A}"
EndProject
Project("{9A19103F-16F7-4668-BE54-9A1E7A4F7556}") = "PrincipioDeSustitucionDeLiskov - L", "PrincipioDeSustitucionDeLiskov - L\PrincipioDeSustitucionDeLiskov - L.csproj", "{FA4037D6-7E2E-4B1E-BB45-BEE2554617A6}"
EndProject
Project("{FAE04EC0-301F-11D3-BF4B-00C04F79EFBC}") = "PrincipioDeSegregacionDeInterfaces - I", "PrincipioDeSegregacionDeInterfaces - I\PrincipioDeSegregacionDeInterfaces - I.csproj", "{4647007C-4B63-4A92-A57A-7C15AEB79CC6}"
EndProject
Project("{FAE04EC0-301F-11D3-BF4B-00C04F79EFBC}") = "PrincipioDeInversionDeDependencias - D", "PrincipioDeInversionDeDependencias - D\PrincipioDeInversionDeDependencias - D.csproj", "{3F1BC3A8-068E-418F-AF01-2384D9DB5FDE}"
EndProject
Global
	GlobalSection(SolutionConfigurationPlatforms) = preSolution
		Debug|Any CPU = Debug|Any CPU
		Release|Any CPU = Release|Any CPU
	EndGlobalSection
	GlobalSection(ProjectConfigurationPlatforms) = postSolution
		{A35D783F-7213-48D6-BAC8-4E43BE65CB3D}.Debug|Any CPU.ActiveCfg = Debug|Any CPU
		{A35D783F-7213-48D6-BAC8-4E43BE65CB3D}.Debug|Any CPU.Build.0 = Debug|Any CPU
		{A35D783F-7213-48D6-BAC8-4E43BE65CB3D}.Release|Any CPU.ActiveCfg = Release|Any CPU
		{A35D783F-7213-48D6-BAC8-4E43BE65CB3D}.Release|Any CPU.Build.0 = Release|Any CPU
		{91E44608-4346-49C1-8694-179A08DDC97A}.Debug|Any CPU.ActiveCfg = Debug|Any CPU
		{91E44608-4346-49C1-8694-179A08DDC97A}.Debug|Any CPU.Build.0 = Debug|Any CPU
		{91E44608-4346-49C1-8694-179A08DDC97A}.Release|Any CPU.ActiveCfg = Release|Any CPU
		{91E44608-4346-49C1-8694-179A08DDC97A}.Release|Any CPU.Build.0 = Release|Any CPU
		{FA4037D6-7E2E-4B1E-BB45-BEE2554617A6}.Debug|Any CPU.ActiveCfg = Debug|Any CPU
		{FA4037D6-7E2E-4B1E-BB45-BEE2554617A6}.Debug|Any CPU.Build.0 = Debug|Any CPU
		{FA4037D6-7E2E-4B1E-BB45-BEE2554617A6}.Release|Any CPU.ActiveCfg = Release|Any CPU
		{FA4037D6-7E2E-4B1E-BB45-BEE2554617A6}.Release|Any CPU.Build.0 = Release|Any CPU
		{4647007C-4B63-4A92-A57A-7C15AEB79CC6}.Debug|Any CPU.ActiveCfg = Debug|Any CPU
		{4647007C-4B63-4A92-A57A-7C15AEB79CC6}.Debug|Any CPU.Build.0 = Debug|Any CPU
		{4647007C-4B63-4A92-A57A-7C15AEB79CC6}.Release|Any CPU.ActiveCfg = Release|Any CPU
		{4647007C-4B63-4A92-A57A-7C15AEB79CC6}.Release|Any CPU.Build.0 = Release|Any CPU
		{3F1BC3A8-068E-418F-AF01-2384D9DB5FDE}.Debug|Any CPU.ActiveCfg = Debug|Any CPU
		{3F1BC3A8-068E-418F-AF01-2384D9DB5FDE}.Debug|Any CPU.Build.0 = Debug|Any CPU
		{3F1BC3A8-068E-418F-AF01-2384D9DB5FDE}.Release|Any CPU.ActiveCfg = Release|Any CPU
		{3F1BC3A8-068E-418F-AF01-2384D9DB5FDE}.Release|Any CPU.Build.0 = Release|Any CPU
	EndGlobalSection
	GlobalSection(SolutionProperties) = preSolution
		HideSolutionNode = FALSE
	EndGlobalSection
	GlobalSection(ExtensibilityGlobals) = postSolution
		SolutionGuid = {7A52DAEB-C102-48E0-BE41-386C86ED3D62}
	EndGlobalSection
EndGlobal
